lockfileVersion: '9.0'

settings:
  autoInstallPeers: true
  excludeLinksFromLockfile: false

importers:

  .:
    devDependencies:
      turbo:
        specifier: ^2.5.8
        version: 2.10.4
      typescript:
        specifier: ^5.9.3
        version: 5.9.3

  packages/engine-admin:
    dependencies:
      '@swim-engine/engine-cms':
        specifier: workspace:*
        version: link:../engine-cms
      '@swim-engine/engine-contracts':
        specifier: workspace:*
        version: link:../engine-contracts
    devDependencies:
      '@types/react':
        specifier: ^19.0.0
        version: 19.2.17
      '@types/react-dom':
        specifier: ^19.0.0
        version: 19.2.3(@types/react@19.2.17)
      react:
        specifier: ^19.0.0
        version: 19.2.7
      react-dom:
        specifier: ^19.0.0
        version: 19.2.7(react@19.2.7)
      typescript:
        specifier: ^5.9.3
        version: 5.9.3

  packages/engine-booking: {}

  packages/engine-cms:
    dependencies:
      '@swim-engine/engine-contracts':
        specifier: workspace:*
        version: link:../engine-contracts
      '@swim-engine/engine-db':
        specifier: workspace:*
        version: link:../engine-db
      zod:
        specifier: ^3.24.1
        version: 3.25.76
    devDependencies:
      typescript:
        specifier: ^5.9.3
        version: 5.9.3

  packages/engine-contracts:
    dependencies:
      zod:
        specifier: ^3.24.1
        version: 3.25.76
    devDependencies:
      typescript:
        specifier: ^5.9.3
        version: 5.9.3

  packages/engine-db:
    dependencies:
      '@supabase/supabase-js':
        specifier: ^2.45.0
        version: 2.110.1
      '@swim-engine/engine-contracts':
        specifier: workspace:*
        version: link:../engine-contracts
    devDependencies:
      typescript:
        specifier: ^5.9.3
        version: 5.9.3

  packages/engine-email:
    dependencies:
      '@react-email/components':
        specifier: ^0.0.32
        version: 0.0.32(react-dom@19.2.7(react@19.2.7))(react@19.2.7)
      '@react-email/render':
        specifier: ^1.0.6
        version: 1.4.0(react-dom@19.2.7(react@19.2.7))(react@19.2.7)
      '@swim-engine/engine-contracts':
        specifier: workspace:*
        version: link:../engine-contracts
      resend:
        specifier: ^4.5.1
        version: 4.8.0(react-dom@19.2.7(react@19.2.7))(react@19.2.7)
    devDependencies:
      '@types/react':
        specifier: ^19.0.0
        version: 19.2.17
      react:
        specifier: ^19.0.0
        version: 19.2.7
      typescript:
        specifier: ^5.9.3
        version: 5.9.3

packages:

  '@react-email/body@0.0.11':
    resolution: {integrity: sha512-ZSD2SxVSgUjHGrB0Wi+4tu3MEpB4fYSbezsFNEJk2xCWDBkFiOeEsjTmR5dvi+CxTK691hQTQlHv0XWuP7ENTg==}
    deprecated: Package no longer supported. Contact Support at https://www.npmjs.com/support for more info.
    peerDependencies:
      react: ^18.0 || ^19.0 || ^19.0.0-rc

  '@react-email/button@0.0.19':
    resolution: {integrity: sha512-HYHrhyVGt7rdM/ls6FuuD6XE7fa7bjZTJqB2byn6/oGsfiEZaogY77OtoLL/mrQHjHjZiJadtAMSik9XLcm7+A==}
    engines: {node: '>=18.0.0'}
    deprecated: Package no longer supported. Contact Support at https://www.npmjs.com/support for more info.
    peerDependencies:
      react: ^18.0 || ^19.0 || ^19.0.0-rc

  '@react-email/code-block@0.0.11':
    resolution: {integrity: sha512-4D43p+LIMjDzm66gTDrZch0Flkip5je91mAT7iGs6+SbPyalHgIA+lFQoQwhz/VzHHLxuD0LV6gwmU/WUQ2WEg==}
    engines: {node: '>=18.0.0'}
    deprecated: Package no longer supported. Contact Support at https://www.npmjs.com/support for more info.
    peerDependencies:
      react: ^18.0 || ^19.0 || ^19.0.0-rc

  '@react-email/code-inline@0.0.5':
    resolution: {integrity: sha512-MmAsOzdJpzsnY2cZoPHFPk6uDO/Ncpb4Kh1hAt9UZc1xOW3fIzpe1Pi9y9p6wwUmpaeeDalJxAxH6/fnTquinA==}
    engines: {node: '>=18.0.0'}
    deprecated: Package no longer supported. Contact Support at https://www.npmjs.com/support for more info.
    peerDependencies:
      react: ^18.0 || ^19.0 || ^19.0.0-rc

  '@react-email/column@0.0.13':
    resolution: {integrity: sha512-Lqq17l7ShzJG/d3b1w/+lVO+gp2FM05ZUo/nW0rjxB8xBICXOVv6PqjDnn3FXKssvhO5qAV20lHM6S+spRhEwQ==}
    engines: {node: '>=18.0.0'}
    deprecated: Package no longer supported. Contact Support at https://www.npmjs.com/support for more info.
    peerDependencies:
      react: ^18.0 || ^19.0 || ^19.0.0-rc

  '@react-email/components@0.0.32':
    resolution: {integrity: sha512-+1Wv7PyVgWfLoj5W0+CvBsJMIfMI6ibcFcIPXNkb2lhKQQASgxSoAedRL1rH0CCaBo6+63tg8y4baHzJonfZbw==}
    engines: {node: '>=18.0.0'}
    deprecated: Package no longer supported. Contact Support at https://www.npmjs.com/support for more info.
    peerDependencies:
      react: ^18.0 || ^19.0 || ^19.0.0-rc

  '@react-email/container@0.0.15':
    resolution: {integrity: sha512-Qo2IQo0ru2kZq47REmHW3iXjAQaKu4tpeq/M8m1zHIVwKduL2vYOBQWbC2oDnMtWPmkBjej6XxgtZByxM6cCFg==}
    engines: {node: '>=18.0.0'}
    deprecated: Package no longer supported. Contact Support at https://www.npmjs.com/support for more info.
    peerDependencies:
      react: ^18.0 || ^19.0 || ^19.0.0-rc

  '@react-email/font@0.0.9':
    resolution: {integrity: sha512-4zjq23oT9APXkerqeslPH3OZWuh5X4crHK6nx82mVHV2SrLba8+8dPEnWbaACWTNjOCbcLIzaC9unk7Wq2MIXw==}
    deprecated: Package no longer supported. Contact Support at https://www.npmjs.com/support for more info.
    peerDependencies:
      react: ^18.0 || ^19.0 || ^19.0.0-rc

  '@react-email/head@0.0.12':
    resolution: {integrity: sha512-X2Ii6dDFMF+D4niNwMAHbTkeCjlYYnMsd7edXOsi0JByxt9wNyZ9EnhFiBoQdqkE+SMDcu8TlNNttMrf5sJeMA==}
    engines: {node: '>=18.0.0'}
    deprecated: Package no longer supported. Contact Support at https://www.npmjs.com/support for more info.
    peerDependencies:
      react: ^18.0 || ^19.0 || ^19.0.0-rc

  '@react-email/heading@0.0.15':
    resolution: {integrity: sha512-xF2GqsvBrp/HbRHWEfOgSfRFX+Q8I5KBEIG5+Lv3Vb2R/NYr0s8A5JhHHGf2pWBMJdbP4B2WHgj/VUrhy8dkIg==}
    engines: {node: '>=18.0.0'}
    deprecated: Package no longer supported. Contact Support at https://www.npmjs.com/support for more info.
    peerDependencies:
      react: ^18.0 || ^19.0 || ^19.0.0-rc

  '@react-email/hr@0.0.11':
    resolution: {integrity: sha512-S1gZHVhwOsd1Iad5IFhpfICwNPMGPJidG/Uysy1AwmspyoAP5a4Iw3OWEpINFdgh9MHladbxcLKO2AJO+cA9Lw==}
    engines: {node: '>=18.0.0'}
    deprecated: Package no longer supported. Contact Support at https://www.npmjs.com/support for more info.
    peerDependencies:
      react: ^18.0 || ^19.0 || ^19.0.0-rc

  '@react-email/html@0.0.11':
    resolution: {integrity: sha512-qJhbOQy5VW5qzU74AimjAR9FRFQfrMa7dn4gkEXKMB/S9xZN8e1yC1uA9C15jkXI/PzmJ0muDIWmFwatm5/+VA==}
    engines: {node: '>=18.0.0'}
    deprecated: Package no longer supported. Contact Support at https://www.npmjs.com/support for more info.
    peerDependencies:
      react: ^18.0 || ^19.0 || ^19.0.0-rc

  '@react-email/img@0.0.11':
    resolution: {integrity: sha512-aGc8Y6U5C3igoMaqAJKsCpkbm1XjguQ09Acd+YcTKwjnC2+0w3yGUJkjWB2vTx4tN8dCqQCXO8FmdJpMfOA9EQ==}
    engines: {node: '>=18.0.0'}
    deprecated: Package no longer supported. Contact Support at https://www.npmjs.com/support for more info.
    peerDependencies:
      react: ^18.0 || ^19.0 || ^19.0.0-rc

  '@react-email/link@0.0.12':
    resolution: {integrity: sha512-vF+xxQk2fGS1CN7UPQDbzvcBGfffr+GjTPNiWM38fhBfsLv6A/YUfaqxWlmL7zLzVmo0K2cvvV9wxlSyNba1aQ==}
    engines: {node: '>=18.0.0'}
    deprecated: Package no longer supported. Contact Support at https://www.npmjs.com/support for more info.
    peerDependencies:
      react: ^18.0 || ^19.0 || ^19.0.0-rc

  '@react-email/markdown@0.0.14':
    resolution: {integrity: sha512-5IsobCyPkb4XwnQO8uFfGcNOxnsg3311GRXhJ3uKv51P7Jxme4ycC/MITnwIZ10w2zx7HIyTiqVzTj4XbuIHbg==}
    engines: {node: '>=18.0.0'}
    deprecated: Package no longer supported. Contact Support at https://www.npmjs.com/support for more info.
    peerDependencies:
      react: ^18.0 || ^19.0 || ^19.0.0-rc

  '@react-email/preview@0.0.12':
    resolution: {integrity: sha512-g/H5fa9PQPDK6WUEG7iTlC19sAktI23qyoiJtMLqQiXFCfWeQMhqjLGKeLSKkfzszqmfJCjZtpSiKtBoOdxp3Q==}
    engines: {node: '>=18.0.0'}
    deprecated: Package no longer supported. Contact Support at https://www.npmjs.com/support for more info.
    peerDependencies:
      react: ^18.0 || ^19.0 || ^19.0.0-rc

  '@react-email/render@1.0.4':
    resolution: {integrity: sha512-8ZXi89d8igBDE6W3zlHBa3GEDWKEUFDAa7i8MvVxnRViQuvsRbibK3ltuPgixxRI5+HgGNCSreBHQKZCkhUdyw==}
    engines: {node: '>=18.0.0'}
    peerDependencies:
      react: ^18.0 || ^19.0 || ^19.0.0-rc
      react-dom: ^18.0 || ^19.0 || ^19.0.0-rc

  '@react-email/render@1.1.2':
    resolution: {integrity: sha512-RnRehYN3v9gVlNMehHPHhyp2RQo7+pSkHDtXPvg3s0GbzM9SQMW4Qrf8GRNvtpLC4gsI+Wt0VatNRUFqjvevbw==}
    engines: {node: '>=18.0.0'}
    peerDependencies:
      react: ^18.0 || ^19.0 || ^19.0.0-rc
      react-dom: ^18.0 || ^19.0 || ^19.0.0-rc

  '@react-email/render@1.4.0':
    resolution: {integrity: sha512-ZtJ3noggIvW1ZAryoui95KJENKdCzLmN5F7hyZY1F/17B1vwzuxHB7YkuCg0QqHjDivc5axqYEYdIOw4JIQdUw==}
    engines: {node: '>=18.0.0'}
    peerDependencies:
      react: ^18.0 || ^19.0 || ^19.0.0-rc
      react-dom: ^18.0 || ^19.0 || ^19.0.0-rc

  '@react-email/row@0.0.12':
    resolution: {integrity: sha512-HkCdnEjvK3o+n0y0tZKXYhIXUNPDx+2vq1dJTmqappVHXS5tXS6W5JOPZr5j+eoZ8gY3PShI2LWj5rWF7ZEtIQ==}
    engines: {node: '>=18.0.0'}
    deprecated: Package no longer supported. Contact Support at https://www.npmjs.com/support for more info.
    peerDependencies:
      react: ^18.0 || ^19.0 || ^19.0.0-rc

  '@react-email/section@0.0.16':
    resolution: {integrity: sha512-FjqF9xQ8FoeUZYKSdt8sMIKvoT9XF8BrzhT3xiFKdEMwYNbsDflcjfErJe3jb7Wj/es/lKTbV5QR1dnLzGpL3w==}
    engines: {node: '>=18.0.0'}
    deprecated: Package no longer supported. Contact Support at https://www.npmjs.com/support for more info.
    peerDependencies:
      react: ^18.0 || ^19.0 || ^19.0.0-rc

  '@react-email/tailwind@1.0.4':
    resolution: {integrity: sha512-tJdcusncdqgvTUYZIuhNC6LYTfL9vNTSQpwWdTCQhQ1lsrNCEE4OKCSdzSV3S9F32pi0i0xQ+YPJHKIzGjdTSA==}
    engines: {node: '>=18.0.0'}
    deprecated: Package no longer supported. Contact Support at https://www.npmjs.com/support for more info.
    peerDependencies:
      react: ^18.0 || ^19.0 || ^19.0.0-rc

  '@react-email/text@0.0.11':
    resolution: {integrity: sha512-a7nl/2KLpRHOYx75YbYZpWspUbX1DFY7JIZbOv5x0QU8SvwDbJt+Hm01vG34PffFyYvHEXrc6Qnip2RTjljNjg==}
    engines: {node: '>=18.0.0'}
    deprecated: Package no longer supported. Contact Support at https://www.npmjs.com/support for more info.
    peerDependencies:
      react: ^18.0 || ^19.0 || ^19.0.0-rc

  '@selderee/plugin-htmlparser2@0.11.0':
    resolution: {integrity: sha512-P33hHGdldxGabLFjPPpaTxVolMrzrcegejx+0GxjrIb9Zv48D8yAIA/QTDR2dFl7Uz7urX8aX6+5bCZslr+gWQ==}

  '@supabase/auth-js@2.110.1':
    resolution: {integrity: sha512-8EJUoRoqzAYWkieHrLCrGrxs3cBbRB94xK8GzHe0aSLlSa4mt1enYLCiMgLiKJOF8GNYeX6PLTBNef0XAhILgw==}
    engines: {node: '>=22.0.0'}

  '@supabase/functions-js@2.110.1':
    resolution: {integrity: sha512-Pm9HD9Qth6zQO0aOGZ3DxYb6QlCzrkTkP6eUEOvhTlbvcvYRDSCZXIJ5dkDLpqxD+gdrXfWDFOpU9BpRKYjsIQ==}
    engines: {node: '>=22.0.0'}

  '@supabase/phoenix@0.4.4':
    resolution: {integrity: sha512-Gt0pqoXuIqX/8dvG0OKp/wMCobXNH3klNbUPBNyOfN0YA1IswrM3HyWFMOPk1Jy+BRaIyDPcFx4jLBwHNmlyfQ==}

  '@supabase/postgrest-js@2.110.1':
    resolution: {integrity: sha512-BILNhS40oGlP2bn/VJjh/1hCyrWNMmpGZGcCrPvqd5R3s8gf8Bd5qyKoHZdMwTKynGCuJGjagRXa069abhibMw==}
    engines: {node: '>=22.0.0'}

  '@supabase/realtime-js@2.110.1':
    resolution: {integrity: sha512-JmWCpMoe2iJPNrXIdHqIvf2Mie6NfSuWHS9Ve6YCmLkn1mNl3vrK3a67IukJ5lPjgmAzB+jFagyMz2oSIX+Xnw==}
    engines: {node: '>=22.0.0'}

  '@supabase/storage-js@2.110.1':
    resolution: {integrity: sha512-UqJGzhFMiIRBe8vT7a6ZtrN2U5YufH4Tk9nyc9KKfa2TUtV11BkSg/v3lyy/c4A8SbekVH3UywTF0s42zpF4zw==}
    engines: {node: '>=22.0.0'}

  '@supabase/supabase-js@2.110.1':
    resolution: {integrity: sha512-MiJh0THZgyAvTWm91FOLknjH5dYjXRKOdxpuUsyTVZVXIf7FxCShzevIm4KGCubHRU2n25Gyt8PhTXIFzcD9FA==}
    engines: {node: '>=22.0.0'}

  '@turbo/darwin-64@2.10.4':
    resolution: {integrity: sha512-m1MUEI4MJ69r5CwfMYxmHi0H0rrgiYCBOp0tgBZ9x/YVvOb5uu/lRIDyDwdtH054R2yWeQaIigUGu6aCX9f8cA==}
    cpu: [x64]
    os: [darwin]

  '@turbo/darwin-arm64@2.10.4':
    resolution: {integrity: sha512-VQ1Yxs5zkPT+2z7t1P4mvn6JmcKLkOCAsPuK9XbOvuVj0DlTlETfIXNisX0771v/vTWHOQqiwoGi+TtAUq8efw==}
    cpu: [arm64]
    os: [darwin]

  '@turbo/linux-64@2.10.4':
    resolution: {integrity: sha512-IzV1QovmwX7mfGnVinmE++2IB8tbeo38weltiuH5zNqwCTBjLs/DytyRKx+bmnhHdXIq9SheR8p0Nip/LBUPHg==}
    cpu: [x64]
    os: [linux]

  '@turbo/linux-arm64@2.10.4':
    resolution: {integrity: sha512-rfujSQkP5aYiRn0PgTM7F00WkJCP/bKDVZbOx3WmrZwa/vHA0bplhCl328kpX7VI9HH2vI90ISGwuSVgJgoqTw==}
    cpu: [arm64]
    os: [linux]

  '@turbo/windows-64@2.10.4':
    resolution: {integrity: sha512-NnspP7Wd5fa3Wwnqv9bKfhegqZzuHBgbPxdZU/idTLQcazx/vgKu95JlCx2YHY0hdvKCnPcARrDwM+KEUmaO7A==}
    cpu: [x64]
    os: [win32]

  '@turbo/windows-arm64@2.10.4':
    resolution: {integrity: sha512-Iv02YgOpaEShc2OkG7mgCJ2pEw1RUKiKbs0h8W5wAf4jZ5vpmraTEjuGTgHRuOORQnC1GN3KHo5WB+hu1abRMA==}
    cpu: [arm64]
    os: [win32]

  '@types/react-dom@19.2.3':
    resolution: {integrity: sha512-jp2L/eY6fn+KgVVQAOqYItbF0VY/YApe5Mz2F0aykSO8gx31bYCZyvSeYxCHKvzHG5eZjc+zyaS5BrBWya2+kQ==}
    peerDependencies:
      '@types/react': ^19.2.0

  '@types/react@19.2.17':
    resolution: {integrity: sha512-MXfmqaVPEVgkBT/aY0aGCkRWWtByiYQXo3xdQ8r5RzuFrPiRn8Gar2tQdXSUQ2GKV3bkXckek89V8wQBY2Q/Aw==}

  csstype@3.2.3:
    resolution: {integrity: sha512-z1HGKcYy2xA8AGQfwrn0PAy+PB7X/GSj3UVJW9qKyn43xWa+gl5nXmU4qqLMRzWVLFC8KusUX8T/0kCiOYpAIQ==}

  deepmerge@4.3.1:
    resolution: {integrity: sha512-3sUqbMEc77XqpdNO7FRyRog+eW3ph+GYCbj+rK+uYyRMuwsVy0rMiVtPn+QJlKFvWP/1PYpapqYn0Me2knFn+A==}
    engines: {node: '>=0.10.0'}

  dom-serializer@2.0.0:
    resolution: {integrity: sha512-wIkAryiqt/nV5EQKqQpo3SToSOV9J0DnbJqwK7Wv/Trc92zIAYZ4FlMu+JPFW1DfGFt81ZTCGgDEabffXeLyJg==}

  domelementtype@2.3.0:
    resolution: {integrity: sha512-OLETBj6w0OsagBwdXnPdN0cnMfF9opN69co+7ZrbfPGrdpPVNBUj02spi6B1N7wChLQiPn4CSH/zJvXw56gmHw==}

  domhandler@5.0.3:
    resolution: {integrity: sha512-cgwlv/1iFQiFnU96XXgROh8xTeetsnJiDsTc7TYCLFd9+/WNkIqPTxiM/8pSd8VIrhXGTf1Ny1q1hquVqDJB5w==}
    engines: {node: '>= 4'}

  domutils@3.2.2:
    resolution: {integrity: sha512-6kZKyUajlDuqlHKVX1w7gyslj9MPIXzIFiz/rGu35uC1wMi+kMhQwGhl4lt9unC9Vb9INnY9Z3/ZA3+FhASLaw==}

  entities@4.5.0:
    resolution: {integrity: sha512-V0hjH4dGPh9Ao5p0MoRY6BVqtwCjhz6vI5LT8AJ55H+4g9/4vbHx1I54fS0XuclLhDHArPQCiMjDxjaL8fPxhw==}
    engines: {node: '>=0.12'}

  fast-deep-equal@2.0.1:
    resolution: {integrity: sha512-bCK/2Z4zLidyB4ReuIsvALH6w31YfAQDmXMqMx6FyfHqvBxtjC0eRumeSu4Bs3XtXwpyIywtSTrVT99BxY1f9w==}

  html-to-text@9.0.5:
    resolution: {integrity: sha512-qY60FjREgVZL03vJU6IfMV4GDjGBIoOyvuFdpBDIX9yTlDw0TjxVBQp+P8NvpdIXNJvfWBTNul7fsAQJq2FNpg==}
    engines: {node: '>=14'}

  htmlparser2@8.0.2:
    resolution: {integrity: sha512-GYdjWKDkbRLkZ5geuHs5NY1puJ+PXwP7+fHPRz06Eirsb9ugf6d8kkXav6ADhcODhFFPMIXyxkxSuMf3D6NCFA==}

  iceberg-js@0.8.1:
    resolution: {integrity: sha512-1dhVQZXhcHje7798IVM+xoo/1ZdVfzOMIc8/rgVSijRK38EDqOJoGula9N/8ZI5RD8QTxNQtK/Gozpr+qUqRRA==}
    engines: {node: '>=20.0.0'}

  leac@0.6.0:
    resolution: {integrity: sha512-y+SqErxb8h7nE/fiEX07jsbuhrpO9lL8eca7/Y1nuWV2moNlXhyd59iDGcRf6moVyDMbmTNzL40SUyrFU/yDpg==}

  marked@7.0.4:
    resolution: {integrity: sha512-t8eP0dXRJMtMvBojtkcsA7n48BkauktUKzfkPSCq85ZMTJ0v76Rke4DYz01omYpPTUh4p/f7HePgRo3ebG8+QQ==}
    engines: {node: '>= 16'}
    hasBin: true

  md-to-react-email@5.0.5:
    resolution: {integrity: sha512-OvAXqwq57uOk+WZqFFNCMZz8yDp8BD3WazW1wAKHUrPbbdr89K9DWS6JXY09vd9xNdPNeurI8DU/X4flcfaD8A==}
    peerDependencies:
      react: ^18.0 || ^19.0

  parseley@0.12.1:
    resolution: {integrity: sha512-e6qHKe3a9HWr0oMRVDTRhKce+bRO8VGQR3NyVwcjwrbhMmFCX9KszEV35+rn4AdilFAq9VPxP/Fe1wC9Qjd2lw==}

  peberminta@0.9.0:
    resolution: {integrity: sha512-XIxfHpEuSJbITd1H3EeQwpcZbTLHc+VVr8ANI9t5sit565tsI4/xK3KWTUFE2e6QiangUkh3B0jihzmGnNrRsQ==}

  prettier@3.4.2:
    resolution: {integrity: sha512-e9MewbtFo+Fevyuxn/4rrcDAaq0IYxPGLvObpQjiZBMAzB9IGmzlnG9RZy3FFas+eBMu2vA0CszMeduow5dIuQ==}
    engines: {node: '>=14'}
    hasBin: true

  prettier@3.9.4:
    resolution: {integrity: sha512-yWG/o/4oJfo036EKAfK6ACAoDOfHeRHx4tuxkfBZiauURiaSmYwlpOr5LQqKtIkRD2z1PLteme2WoxEnj4tHTg==}
    engines: {node: '>=14'}
    hasBin: true

  prismjs@1.29.0:
    resolution: {integrity: sha512-Kx/1w86q/epKcmte75LNrEoT+lX8pBpavuAbvJWRXar7Hz8jrtF+e3vY751p0R8H9HdArwaCTNDDzHg/ScJK1Q==}
    engines: {node: '>=6'}

  react-dom@19.2.7:
    resolution: {integrity: sha512-t0BRVXvbiE/o20Hfw669rLbMCDWtYZLvmJigy2f0MxsXF+71pxhR3xOkspmsO8h3ZlNzyibAmtCa3l4lYKk6gQ==}
    peerDependencies:
      react: ^19.2.7

  react-promise-suspense@0.3.4:
    resolution: {integrity: sha512-I42jl7L3Ze6kZaq+7zXWSunBa3b1on5yfvUW6Eo/3fFOj6dZ5Bqmcd264nJbTK/gn1HjjILAjSwnZbV4RpSaNQ==}

  react@19.2.7:
    resolution: {integrity: sha512-HNe9WslTbXmFK8o8cmwgAeJFSBvt1bPdHCVKtaaV+WlAN36mpT4hcRpwbf3fY56ar2oIXzsBpOAiIRHAdY0OlQ==}
    engines: {node: '>=0.10.0'}

  resend@4.8.0:
    resolution: {integrity: sha512-R8eBOFQDO6dzRTDmaMEdpqrkmgSjPpVXt4nGfWsZdYOet0kqra0xgbvTES6HmCriZEXbmGk3e0DiGIaLFTFSHA==}
    engines: {node: '>=18'}

  scheduler@0.27.0:
    resolution: {integrity: sha512-eNv+WrVbKu1f3vbYJT/xtiF5syA5HPIMtf9IgY/nKg0sWqzAUEvqY/xm7OcZc/qafLx/iO9FgOmeSAp4v5ti/Q==}

  selderee@0.11.0:
    resolution: {integrity: sha512-5TF+l7p4+OsnP8BCCvSyZiSPc4x4//p5uPwK8TCnVPJYRmU2aYKMpOXvw8zM5a5JvuuCGN1jmsMwuU2W02ukfA==}

  tslib@2.8.1:
    resolution: {integrity: sha512-oJFu94HQb+KVduSUQL7wnpmqnfmLsOA/nAh6b6EH0wCEoK0/mPeXU6c3wKDV83MkOuHPRHtSXKKU99IBazS/2w==}

  turbo@2.10.4:
    resolution: {integrity: sha512-GQpduILaKjoaGljw097ScsSyKTtZSY7cZ3bJktzfTkPMyCf3ShKLuXK2IaOEN2Plziml+ArR7WJ1m+V4VbnaKQ==}
    hasBin: true

  typescript@5.9.3:
    resolution: {integrity: sha512-jl1vZzPDinLr9eUt3J/t7V6FgNEw9QjvBPdysz9KfQDD41fQrC2Y4vKQdiaUpFT4bXlb1RHhLpp8wtm6M5TgSw==}
    engines: {node: '>=14.17'}
    hasBin: true

  zod@3.25.76:
    resolution: {integrity: sha512-gzUt/qt81nXsFGKIFcC3YnfEAx5NkunCfnDlvuBSSFS02bcXu4Lmea0AFIUwbLWxWPx3d9p8S5QoaujKcNQxcQ==}

snapshots:

  '@react-email/body@0.0.11(react@19.2.7)':
    dependencies:
      react: 19.2.7

  '@react-email/button@0.0.19(react@19.2.7)':
    dependencies:
      react: 19.2.7

  '@react-email/code-block@0.0.11(react@19.2.7)':
    dependencies:
      prismjs: 1.29.0
      react: 19.2.7

  '@react-email/code-inline@0.0.5(react@19.2.7)':
    dependencies:
      react: 19.2.7

  '@react-email/column@0.0.13(react@19.2.7)':
    dependencies:
      react: 19.2.7

  '@react-email/components@0.0.32(react-dom@19.2.7(react@19.2.7))(react@19.2.7)':
    dependencies:
      '@react-email/body': 0.0.11(react@19.2.7)
      '@react-email/button': 0.0.19(react@19.2.7)
      '@react-email/code-block': 0.0.11(react@19.2.7)
      '@react-email/code-inline': 0.0.5(react@19.2.7)
      '@react-email/column': 0.0.13(react@19.2.7)
      '@react-email/container': 0.0.15(react@19.2.7)
      '@react-email/font': 0.0.9(react@19.2.7)
      '@react-email/head': 0.0.12(react@19.2.7)
      '@react-email/heading': 0.0.15(react@19.2.7)
      '@react-email/hr': 0.0.11(react@19.2.7)
      '@react-email/html': 0.0.11(react@19.2.7)
      '@react-email/img': 0.0.11(react@19.2.7)
      '@react-email/link': 0.0.12(react@19.2.7)
      '@react-email/markdown': 0.0.14(react@19.2.7)
      '@react-email/preview': 0.0.12(react@19.2.7)
      '@react-email/render': 1.0.4(react-dom@19.2.7(react@19.2.7))(react@19.2.7)
      '@react-email/row': 0.0.12(react@19.2.7)
      '@react-email/section': 0.0.16(react@19.2.7)
      '@react-email/tailwind': 1.0.4(react@19.2.7)
      '@react-email/text': 0.0.11(react@19.2.7)
      react: 19.2.7
    transitivePeerDependencies:
      - react-dom

  '@react-email/container@0.0.15(react@19.2.7)':
    dependencies:
      react: 19.2.7

  '@react-email/font@0.0.9(react@19.2.7)':
    dependencies:
      react: 19.2.7

  '@react-email/head@0.0.12(react@19.2.7)':
    dependencies:
      react: 19.2.7

  '@react-email/heading@0.0.15(react@19.2.7)':
    dependencies:
      react: 19.2.7

  '@react-email/hr@0.0.11(react@19.2.7)':
    dependencies:
      react: 19.2.7

  '@react-email/html@0.0.11(react@19.2.7)':
    dependencies:
      react: 19.2.7

  '@react-email/img@0.0.11(react@19.2.7)':
    dependencies:
      react: 19.2.7

  '@react-email/link@0.0.12(react@19.2.7)':
    dependencies:
      react: 19.2.7

  '@react-email/markdown@0.0.14(react@19.2.7)':
    dependencies:
      md-to-react-email: 5.0.5(react@19.2.7)
      react: 19.2.7

  '@react-email/preview@0.0.12(react@19.2.7)':
    dependencies:
      react: 19.2.7

  '@react-email/render@1.0.4(react-dom@19.2.7(react@19.2.7))(react@19.2.7)':
    dependencies:
      html-to-text: 9.0.5
      prettier: 3.4.2
      react: 19.2.7
      react-dom: 19.2.7(react@19.2.7)
      react-promise-suspense: 0.3.4

  '@react-email/render@1.1.2(react-dom@19.2.7(react@19.2.7))(react@19.2.7)':
    dependencies:
      html-to-text: 9.0.5
      prettier: 3.9.4
      react: 19.2.7
      react-dom: 19.2.7(react@19.2.7)
      react-promise-suspense: 0.3.4

  '@react-email/render@1.4.0(react-dom@19.2.7(react@19.2.7))(react@19.2.7)':
    dependencies:
      html-to-text: 9.0.5
      prettier: 3.9.4
      react: 19.2.7
      react-dom: 19.2.7(react@19.2.7)
      react-promise-suspense: 0.3.4

  '@react-email/row@0.0.12(react@19.2.7)':
    dependencies:
      react: 19.2.7

  '@react-email/section@0.0.16(react@19.2.7)':
    dependencies:
      react: 19.2.7

  '@react-email/tailwind@1.0.4(react@19.2.7)':
    dependencies:
      react: 19.2.7

  '@react-email/text@0.0.11(react@19.2.7)':
    dependencies:
      react: 19.2.7

  '@selderee/plugin-htmlparser2@0.11.0':
    dependencies:
      domhandler: 5.0.3
      selderee: 0.11.0

  '@supabase/auth-js@2.110.1':
    dependencies:
      tslib: 2.8.1

  '@supabase/functions-js@2.110.1':
    dependencies:
      tslib: 2.8.1

  '@supabase/phoenix@0.4.4': {}

  '@supabase/postgrest-js@2.110.1':
    dependencies:
      tslib: 2.8.1

  '@supabase/realtime-js@2.110.1':
    dependencies:
      '@supabase/phoenix': 0.4.4
      tslib: 2.8.1

  '@supabase/storage-js@2.110.1':
    dependencies:
      iceberg-js: 0.8.1
      tslib: 2.8.1

  '@supabase/supabase-js@2.110.1':
    dependencies:
      '@supabase/auth-js': 2.110.1
      '@supabase/functions-js': 2.110.1
      '@supabase/postgrest-js': 2.110.1
      '@supabase/realtime-js': 2.110.1
      '@supabase/storage-js': 2.110.1

  '@turbo/darwin-64@2.10.4':
    optional: true

  '@turbo/darwin-arm64@2.10.4':
    optional: true

  '@turbo/linux-64@2.10.4':
    optional: true

  '@turbo/linux-arm64@2.10.4':
    optional: true

  '@turbo/windows-64@2.10.4':
    optional: true

  '@turbo/windows-arm64@2.10.4':
    optional: true

  '@types/react-dom@19.2.3(@types/react@19.2.17)':
    dependencies:
      '@types/react': 19.2.17

  '@types/react@19.2.17':
    dependencies:
      csstype: 3.2.3

  csstype@3.2.3: {}

  deepmerge@4.3.1: {}

  dom-serializer@2.0.0:
    dependencies:
      domelementtype: 2.3.0
      domhandler: 5.0.3
      entities: 4.5.0

  domelementtype@2.3.0: {}

  domhandler@5.0.3:
    dependencies:
      domelementtype: 2.3.0

  domutils@3.2.2:
    dependencies:
      dom-serializer: 2.0.0
      domelementtype: 2.3.0
      domhandler: 5.0.3

  entities@4.5.0: {}

  fast-deep-equal@2.0.1: {}

  html-to-text@9.0.5:
    dependencies:
      '@selderee/plugin-htmlparser2': 0.11.0
      deepmerge: 4.3.1
      dom-serializer: 2.0.0
      htmlparser2: 8.0.2
      selderee: 0.11.0

  htmlparser2@8.0.2:
    dependencies:
      domelementtype: 2.3.0
      domhandler: 5.0.3
      domutils: 3.2.2
      entities: 4.5.0

  iceberg-js@0.8.1: {}

  leac@0.6.0: {}

  marked@7.0.4: {}

  md-to-react-email@5.0.5(react@19.2.7):
    dependencies:
      marked: 7.0.4
      react: 19.2.7

  parseley@0.12.1:
    dependencies:
      leac: 0.6.0
      peberminta: 0.9.0

  peberminta@0.9.0: {}

  prettier@3.4.2: {}

  prettier@3.9.4: {}

  prismjs@1.29.0: {}

  react-dom@19.2.7(react@19.2.7):
    dependencies:
      react: 19.2.7
      scheduler: 0.27.0

  react-promise-suspense@0.3.4:
    dependencies:
      fast-deep-equal: 2.0.1

  react@19.2.7: {}

  resend@4.8.0(react-dom@19.2.7(react@19.2.7))(react@19.2.7):
    dependencies:
      '@react-email/render': 1.1.2(react-dom@19.2.7(react@19.2.7))(react@19.2.7)
    transitivePeerDependencies:
      - react
      - react-dom

  scheduler@0.27.0: {}

  selderee@0.11.0:
    dependencies:
      parseley: 0.12.1

  tslib@2.8.1: {}

  turbo@2.10.4:
    optionalDependencies:
      '@turbo/darwin-64': 2.10.4
      '@turbo/darwin-arm64': 2.10.4
      '@turbo/linux-64': 2.10.4
      '@turbo/linux-arm64': 2.10.4
      '@turbo/windows-64': 2.10.4
      '@turbo/windows-arm64': 2.10.4

  typescript@5.9.3: {}

  zod@3.25.76: {}
